// !$*UTF8*$!
{
	archiveVersion = 1;
	classes = {
	};
	objectVersion = 52;
	objects = {

/* Begin PBXBuildFile section */
		F56C815E2610DFF400DA304C /* SamplePackage in Frameworks */ = {isa = PBXBuildFile; productRef = F56C815D2610DFF400DA304C /* SamplePackage */; };
		F57426B226124A1600CA0CA0 /* CodeScanner in Frameworks */ = {isa = PBXBuildFile; productRef = F57426B126124A1600CA0CA0 /* CodeScanner */; };
		F57CFDAD2614F559005EB354 /* ProspectsView.swift in Sources */ = {isa = PBXBuildFile; fileRef = F57CFDAC2614F559005EB354 /* ProspectsView.swift */; };
		F57CFDB02614F56C005EB354 /* MeView.swift in Sources */ = {isa = PBXBuildFile; fileRef = F57CFDAF2614F56C005EB354 /* MeView.swift */; };
		F57CFDB32614F61E005EB354 /* Prospect.swift in Sources */ = {isa = PBXBuildFile; fileRef = F57CFDB22614F61E005EB354 /* Prospect.swift */; };
		F5EEC2C7260FB9B60090C486 /* HotProspects_swiftApp.swift in Sources */ = {isa = PBXBuildFile; fileRef = F5EEC2C6260FB9B60090C486 /* HotProspects_swiftApp.swift */; };
		F5EEC2C9260FB9B60090C486 /* ContentView.swift in Sources */ = {isa = PBXBuildFile; fileRef = F5EEC2C8260FB9B60090C486 /* ContentView.swift */; };
		F5EEC2CB260FB9BA0090C486 /* Assets.xcassets in Resources */ = {isa = PBXBuildFile; fileRef = F5EEC2CA260FB9BA0090C486 /* Assets.xcassets */; };
		F5EEC2CE260FB9BA0090C486 /* Preview Assets.xcassets in Resources */ = {isa = PBXBuildFile; fileRef = F5EEC2CD260FB9BA0090C486 /* Preview Assets.xcassets */; };
		F5EEC2D0260FB9BA0090C486 /* Persistence.swift in Sources */ = {isa = PBXBuildFile; fileRef = F5EEC2CF260FB9BA0090C486 /* Persistence.swift */; };
		F5EEC2D3260FB9BA0090C486 /* HotProspects_swift.xcdatamodeld in Sources */ = {isa = PBXBuildFile; fileRef = F5EEC2D1260FB9BA0090C486 /* HotProspects_swift.xcdatamodeld */; };
/* End PBXBuildFile section */

/* Begin PBXFileReference section */
		F57CFDAC2614F559005EB354 /* ProspectsView.swift */ = {isa = PBXFileReference; lastKnownFileType = sourcecode.swift; path = ProspectsView.swift; sourceTree = "<group>"; };
		F57CFDAF2614F56C005EB354 /* MeView.swift */ = {isa = PBXFileReference; lastKnownFileType = sourcecode.swift; path = MeView.swift; sourceTree = "<group>"; };
		F57CFDB22614F61E005EB354 /* Prospect.swift */ = {isa = PBXFileReference; lastKnownFileType = sourcecode.swift; path = Prospect.swift; sourceTree = "<group>"; };
		F5EEC2C3260FB9B60090C486 /* HotProspects.swift.app */ = {isa = PBXFileReference; explicitFileType = wrapper.application; includeInIndex = 0; path = HotProspects.swift.app; sourceTree = BUILT_PRODUCTS_DIR; };
		F5EEC2C6260FB9B60090C486 /* HotProspects_swiftApp.swift */ = {isa = PBXFileReference; lastKnownFileType = sourcecode.swift; path = HotProspects_swiftApp.swift; sourceTree = "<group>"; };
		F5EEC2C8260FB9B60090C486 /* ContentView.swift */ = {isa = PBXFileReference; lastKnownFileType = sourcecode.swift; path = ContentView.swift; sourceTree = "<group>"; };
		F5EEC2CA260FB9BA0090C486 /* Assets.xcassets */ = {isa = PBXFileReference; lastKnownFileType = folder.assetcatalog; path = Assets.xcassets; sourceTree = "<group>"; };
		F5EEC2CD260FB9BA0090C486 /* Preview Assets.xcassets */ = {isa = PBXFileReference; lastKnownFileType = folder.assetcatalog; path = "Preview Assets.xcassets"; sourceTree = "<group>"; };
		F5EEC2CF260FB9BA0090C486 /* Persistence.swift */ = {isa = PBXFileReference; lastKnownFileType = sourcecode.swift; path = Persistence.swift; sourceTree = "<group>"; };
		F5EEC2D2260FB9BA0090C486 /* HotProspects_swift.xcdatamodel */ = {isa = PBXFileReference; lastKnownFileType = wrapper.xcdatamodel; path = HotProspects_swift.xcdatamodel; sourceTree = "<group>"; };
		F5EEC2D4260FB9BA0090C486 /* Info.plist */ = {isa = PBXFileReference; lastKnownFileType = text.plist.xml; path = Info.plist; sourceTree = "<group>"; };
/* End PBXFileReference section */

/* Begin PBXFrameworksBuildPhase section */
		F5EEC2C0260FB9B60090C486 /* Frameworks */ = {
			isa = PBXFrameworksBuildPhase;
			buildActionMask = 2147483647;
			files = (
				F57426B226124A1600CA0CA0 /* CodeScanner in Frameworks */,
				F56C815E2610DFF400DA304C /* SamplePackage in Frameworks */,
			);
			runOnlyForDeploymentPostprocessing = 0;
		};
/* End PBXFrameworksBuildPhase section */

/* Begin PBXGroup section */
		F5EEC2BA260FB9B60090C486 = {
			isa = PBXGroup;
			children = (
				F5EEC2C5260FB9B60090C486 /* HotProspects.swift */,
				F5EEC2C4260FB9B60090C486 /* Products */,
			);
			sourceTree = "<group>";
		};
		F5EEC2C4260FB9B60090C486 /* Products */ = {
			isa = PBXGroup;
			children = (
				F5EEC2C3260FB9B60090C486 /* HotProspects.swift.app */,
			);
			name = Products;
			sourceTree = "<group>";
		};
		F5EEC2C5260FB9B60090C486 /* HotProspects.swift */ = {
			isa = PBXGroup;
			children = (
				F5EEC2C6260FB9B60090C486 /* HotProspects_swiftApp.swift */,
				F5EEC2C8260FB9B60090C486 /* ContentView.swift */,
				F57CFDAC2614F559005EB354 /* ProspectsView.swift */,
				F57CFDB22614F61E005EB354 /* Prospect.swift */,
				F57CFDAF2614F56C005EB354 /* MeView.swift */,
				F5EEC2CA260FB9BA0090C486 /* Assets.xcassets */,
				F5EEC2CF260FB9BA0090C486 /* Persistence.swift */,
				F5EEC2D4260FB9BA0090C486 /* Info.plist */,
				F5EEC2D1260FB9BA0090C486 /* HotProspects_swift.xcdatamodeld */,
				F5EEC2CC260FB9BA0090C486 /* Preview Content */,
			);
			path = HotProspects.swift;
			sourceTree = "<group>";
		};
		F5EEC2CC260FB9BA0090C486 /* Preview Content */ = {
			isa = PBXGroup;
			children = (
				F5EEC2CD260FB9BA0090C486 /* Preview Assets.xcassets */,
			);
			path = "Preview Content";
			sourceTree = "<group>";
		};
/* End PBXGroup section */

/* Begin PBXNativeTarget section */
		F5EEC2C2260FB9B60090C486 /* HotProspects.swift */ = {
			isa = PBXNativeTarget;
			buildConfigurationList = F5EEC2D7260FB9BA0090C486 /* Build configuration list for PBXNativeTarget "HotProspects.swift" */;
			buildPhases = (
				F5EEC2BF260FB9B60090C486 /* Sources */,
				F5EEC2C0260FB9B60090C486 /* Frameworks */,
				F5EEC2C1260FB9B60090C486 /* Resources */,
			);
			buildRules = (
			);
			dependencies = (
			);
			name = HotProspects.swift;
			packageProductDependencies = (
				F56C815D2610DFF400DA304C /* SamplePackage */,
				F57426B126124A1600CA0CA0 /* CodeScanner */,
			);
			productName = HotProspects.swift;
			productReference = F5EEC2C3260FB9B60090C486 /* HotProspects.swift.app */;
			productType = "com.apple.product-type.application";
		};
/* End PBXNativeTarget section */

/* Begin PBXProject section */
		F5EEC2BB260FB9B60090C486 /* Project object */ = {
			isa = PBXProject;
			attributes = {
				LastSwiftUpdateCheck = 1240;
				LastUpgradeCheck = 1240;
				TargetAttributes = {
					F5EEC2C2260FB9B60090C486 = {
						CreatedOnToolsVersion = 12.4;
					};
				};
			};
			buildConfigurationList = F5EEC2BE260FB9B60090C486 /* Build configuration list for PBXProject "HotProspects.swift" */;
			compatibilityVersion = "Xcode 9.3";
			developmentRegion = en;
			hasScannedForEncodings = 0;
			knownRegions = (
				en,
				Base,
			);
			mainGroup = F5EEC2BA260FB9B60090C486;
			packageReferences = (
				F56C815C2610DFF400DA304C /* XCRemoteSwiftPackageReference "SamplePackage" */,
				F57426B026124A1600CA0CA0 /* XCRemoteSwiftPackageReference "CodeScanner" */,
			);
			productRefGroup = F5EEC2C4260FB9B60090C486 /* Products */;
			projectDirPath = "";
			projectRoot = "";
			targets = (
				F5EEC2C2260FB9B60090C486 /* HotProspects.swift */,
			);
		};
/* End PBXProject section */

/* Begin PBXResourcesBuildPhase section */
		F5EEC2C1260FB9B60090C486 /* Resources */ = {
			isa = PBXResourcesBuildPhase;
			buildActionMask = 2147483647;
			files = (
				F5EEC2CE260FB9BA0090C486 /* Preview Assets.xcassets in Resources */,
				F5EEC2CB260FB9BA0090C486 /* Assets.xcassets in Resources */,
			);
			runOnlyForDeploymentPostprocessing = 0;
		};
/* End PBXResourcesBuildPhase section */

/* Begin PBXSourcesBuildPhase section */
		F5EEC2BF260FB9B60090C486 /* Sources */ = {
			isa = PBXSourcesBuildPhase;
			buildActionMask = 2147483647;
			files = (
				F57CFDB02614F56C005EB354 /* MeView.swift in Sources */,
				F5EEC2D0260FB9BA0090C486 /* Persistence.swift in Sources */,
				F5EEC2D3260FB9BA0090C486 /* HotProspects_swift.xcdatamodeld in Sources */,
				F57CFDB32614F61E005EB354 /* Prospect.swift in Sources */,
				F57CFDAD2614F559005EB354 /* ProspectsView.swift in Sources */,
				F5EEC2C9260FB9B60090C486 /* ContentView.swift in Sources */,
				F5EEC2C7260FB9B60090C486 /* HotProspects_swiftApp.swift in Sources */,
			);
			runOnlyForDeploymentPostprocessing = 0;
		};
/* End PBXSourcesBuildPhase section */

/* Begin XCBuildConfiguration section */
		F5EEC2D5260FB9BA0090C486 /* Debug */ = {
			isa = XCBuildConfiguration;
			buildSettings = {
				ALWAYS_SEARCH_USER_PATHS = NO;
				CLANG_ANALYZER_NONNULL = YES;
				CLANG_ANALYZER_NUMBER_OBJECT_CONVERSION = YES_AGGRESSIVE;
				CLANG_CXX_LANGUAGE_STANDARD = "gnu++14";
				CLANG_CXX_LIBRARY = "libc++";
				CLANG_ENABLE_MODULES = YES;
				CLANG_ENABLE_OBJC_ARC = YES;
				CLANG_ENABLE_OBJC_WEAK = YES;
				CLANG_WARN_BLOCK_CAPTURE_AUTORELEASING = YES;
				CLANG_WARN_BOOL_CONVERSION = YES;
				CLANG_WARN_COMMA = YES;
				CLANG_WARN_CONSTANT_CONVERSION = YES;
				CLANG_WARN_DEPRECATED_OBJC_IMPLEMENTATIONS = YES;
				CLANG_WARN_DIRECT_OBJC_ISA_USAGE = YES_ERROR;
				CLANG_WARN_DOCUMENTATION_COMMENTS = YES;
				CLANG_WARN_EMPTY_BODY = YES;
				CLANG_WARN_ENUM_CONVERSION = YES;
				CLANG_WARN_INFINITE_RECURSION = YES;
				CLANG_WARN_INT_CONVERSION = YES;
				CLANG_WARN_NON_LITERAL_NULL_CONVERSION = YES;
				CLANG_WARN_OBJC_IMPLICIT_RETAIN_SELF = YES;
				CLANG_WARN_OBJC_LITERAL_CONVERSION = YES;
				CLANG_WARN_OBJC_ROOT_CLASS = YES_ERROR;
				CLANG_WARN_QUOTED_INCLUDE_IN_FRAMEWORK_HEADER = YES;
				CLANG_WARN_RANGE_LOOP_ANALYSIS = YES;
				CLANG_WARN_STRICT_PROTOTYPES = YES;
				CLANG_WARN_SUSPICIOUS_MOVE = YES;
				CLANG_WARN_UNGUARDED_AVAILABILITY = YES_AGGRESSIVE;
				CLANG_WARN_UNREACHABLE_CODE = YES;
				CLANG_WARN__DUPLICATE_METHOD_MATCH = YES;
				COPY_PHASE_STRIP = NO;
				DEBUG_INFORMATION_FORMAT = dwarf;
				ENABLE_STRICT_OBJC_MSGSEND = YES;
				ENABLE_TESTABILITY = YES;
				GCC_C_LANGUAGE_STANDARD = gnu11;
				GCC_DYNAMIC_NO_PIC = NO;
				GCC_NO_COMMON_BLOCKS = YES;
				GCC_OPTIMIZATION_LEVEL = 0;
				GCC_PREPROCESSOR_DEFINITIONS = (
					"DEBUG=1",
					"$(inherited)",
				);
				GCC_WARN_64_TO_32_BIT_CONVERSION = YES;
				GCC_WARN_ABOUT_RETURN_TYPE = YES_ERROR;
				GCC_WARN_UNDECLARED_SELECTOR = YES;
				GCC_WARN_UNINITIALIZED_AUTOS = YES_AGGRESSIVE;
				GCC_WARN_UNUSED_FUNCTION = YES;
				GCC_WARN_UNUSED_VARIABLE = YES;
				IPHONEOS_DEPLOYMENT_TARGET = 14.4;
				MTL_ENABLE_DEBUG_INFO = INCLUDE_SOURCE;
				MTL_FAST_MATH = YES;
				ONLY_ACTIVE_ARCH = YES;
				SDKROOT = iphoneos;
				SWIFT_ACTIVE_COMPILATION_CONDITIONS = DEBUG;
				SWIFT_OPTIMIZATION_LEVEL = "-Onone";
			};
			name = Debug;
		};
		F5EEC2D6260FB9BA0090C486 /* Release */ = {
			isa = XCBuildConfiguration;
			buildSettings = {
				ALWAYS_SEARCH_USER_PATHS = NO;
				CLANG_ANALYZER_NONNULL = YES;
				CLANG_ANALYZER_NUMBER_OBJECT_CONVERSION = YES_AGGRESSIVE;
				CLANG_CXX_LANGUAGE_STANDARD = "gnu++14";
				CLANG_CXX_LIBRARY = "libc++";
				CLANG_ENABLE_MODULES = YES;
				CLANG_ENABLE_OBJC_ARC = YES;
				CLANG_ENABLE_OBJC_WEAK = YES;
				CLANG_WARN_BLOCK_CAPTURE_AUTORELEASING = YES;
				CLANG_WARN_BOOL_CONVERSION = YES;
				CLANG_WARN_COMMA = YES;
				CLANG_WARN_CONSTANT_CONVERSION = YES;
				CLANG_WARN_DEPRECATED_OBJC_IMPLEMENTATIONS = YES;
				CLANG_WARN_DIRECT_OBJC_ISA_USAGE = YES_ERROR;
				CLANG_WARN_DOCUMENTATION_COMMENTS = YES;
				CLANG_WARN_EMPTY_BODY = YES;
				CLANG_WARN_ENUM_CONVERSION = YES;
				CLANG_WARN_INFINITE_RECURSION = YES;
				CLANG_WARN_INT_CONVERSION = YES;
				CLANG_WARN_NON_LITERAL_NULL_CONVERSION = YES;
				CLANG_WARN_OBJC_IMPLICIT_RETAIN_SELF = YES;
				CLANG_WARN_OBJC_LITERAL_CONVERSION = YES;
				CLANG_WARN_OBJC_ROOT_CLASS = YES_ERROR;
				CLANG_WARN_QUOTED_INCLUDE_IN_FRAMEWORK_HEADER = YES;
				CLANG_WARN_RANGE_LOOP_ANALYSIS = YES;
				CLANG_WARN_STRICT_PROTOTYPES = YES;
				CLANG_WARN_SUSPICIOUS_MOVE = YES;
				CLANG_WARN_UNGUARDED_AVAILABILITY = YES_AGGRESSIVE;
				CLANG_WARN_UNREACHABLE_CODE = YES;
				CLANG_WARN__DUPLICATE_METHOD_MATCH = YES;
				COPY_PHASE_STRIP = NO;
				DEBUG_INFORMATION_FORMAT = "dwarf-with-dsym";
				ENABLE_NS_ASSERTIONS = NO;
				ENABLE_STRICT_OBJC_MSGSEND = YES;
				GCC_C_LANGUAGE_STANDARD = gnu11;
				GCC_NO_COMMON_BLOCKS = YES;
				GCC_WARN_64_TO_32_BIT_CONVERSION = YES;
				GCC_WARN_ABOUT_RETURN_TYPE = YES_ERROR;
				GCC_WARN_UNDECLARED_SELECTOR = YES;
				GCC_WARN_UNINITIALIZED_AUTOS = YES_AGGRESSIVE;
				GCC_WARN_UNUSED_FUNCTION = YES;
				GCC_WARN_UNUSED_VARIABLE = YES;
				IPHONEOS_DEPLOYMENT_TARGET = 14.4;
				MTL_ENABLE_DEBUG_INFO = NO;
				MTL_FAST_MATH = YES;
				SDKROOT = iphoneos;
				SWIFT_COMPILATION_MODE = wholemodule;
				SWIFT_OPTIMIZATION_LEVEL = "-O";
				VALIDATE_PRODUCT = YES;
			};
			name = Release;
		};
		F5EEC2D8260FB9BA0090C486 /* Debug */ = {
			isa = XCBuildConfiguration;
			buildSettings = {
				ASSETCATALOG_COMPILER_APPICON_NAME = AppIcon;
				ASSETCATALOG_COMPILER_GLOBAL_ACCENT_COLOR_NAME = AccentColor;
				CODE_SIGN_STYLE = Automatic;
				DEVELOPMENT_ASSET_PATHS = "\"HotProspects.swift/Preview Content\"";
				ENABLE_PREVIEWS = YES;
				INFOPLIST_FILE = HotProspects.swift/Info.plist;
				IPHONEOS_DEPLOYMENT_TARGET = 14.0;
				LD_RUNPATH_SEARCH_PATHS = (
					"$(inherited)",
					"@executable_path/Frameworks",
				);
				PRODUCT_BUNDLE_IDENTIFIER = "com..HotProspects-swift";
				PRODUCT_NAME = "$(TARGET_NAME)";
				SWIFT_VERSION = 5.0;
				TARGETED_DEVICE_FAMILY = "1,2";
			};
			name = Debug;
		};
		F5EEC2D9260FB9BA0090C486 /* Release */ = {
			isa = XCBuildConfiguration;
			buildSettings = {
				ASSETCATALOG_COMPILER_APPICON_NAME = AppIcon;
				ASSETCATALOG_COMPILER_GLOBAL_ACCENT_COLOR_NAME = AccentColor;
				CODE_SIGN_STYLE = Automatic;
				DEVELOPMENT_ASSET_PATHS = "\"HotProspects.swift/Preview Content\"";
				ENABLE_PREVIEWS = YES;
				INFOPLIST_FILE = HotProspects.swift/Info.plist;
				IPHONEOS_DEPLOYMENT_TARGET = 14.0;
				LD_RUNPATH_SEARCH_PATHS = (
					"$(inherited)",
					"@executable_path/Frameworks",
				);
				PRODUCT_BUNDLE_IDENTIFIER = "com..HotProspects-swift";
				PRODUCT_NAME = "$(TARGET_NAME)";
				SWIFT_VERSION = 5.0;
				TARGETED_DEVICE_FAMILY = "1,2";
			};
			name = Release;
		};
/* End XCBuildConfiguration section */

/* Begin XCConfigurationList section */
		F5EEC2BE260FB9B60090C486 /* Build configuration list for PBXProject "HotProspects.swift" */ = {
			isa = XCConfigurationList;
			buildConfigurations = (
				F5EEC2D5260FB9BA0090C486 /* Debug */,
				F5EEC2D6260FB9BA0090C486 /* Release */,
			);
			defaultConfigurationIsVisible = 0;
			defaultConfigurationName = Release;
		};
		F5EEC2D7260FB9BA0090C486 /* Build configuration list for PBXNativeTarget "HotProspects.swift" */ = {
			isa = XCConfigurationList;
			buildConfigurations = (
				F5EEC2D8260FB9BA0090C486 /* Debug */,
				F5EEC2D9260FB9BA0090C486 /* Release */,
			);
			defaultConfigurationIsVisible = 0;
			defaultConfigurationName = Release;
		};
/* End XCConfigurationList section */

/* Begin XCRemoteSwiftPackageReference section */
		F56C815C2610DFF400DA304C /* XCRemoteSwiftPackageReference "SamplePackage" */ = {
			isa = XCRemoteSwiftPackageReference;
			repositoryURL = "https://github.com/twostraws/SamplePackage";
			requirement = {
				kind = upToNextMajorVersion;
				minimumVersion = 1.0.0;
			};
		};
		F57426B026124A1600CA0CA0 /* XCRemoteSwiftPackageReference "CodeScanner" */ = {
			isa = XCRemoteSwiftPackageReference;
			repositoryURL = "https://github.com/twostraws/CodeScanner";
			requirement = {
				kind = upToNextMajorVersion;
				minimumVersion = 1.0.7;
			};
		};
/* End XCRemoteSwiftPackageReference section */

/* Begin XCSwiftPackageProductDependency section */
		F56C815D2610DFF400DA304C /* SamplePackage */ = {
			isa = XCSwiftPackageProductDependency;
			package = F56C815C2610DFF400DA304C /* XCRemoteSwiftPackageReference "SamplePackage" */;
			productName = SamplePackage;
		};
		F57426B126124A1600CA0CA0 /* CodeScanner */ = {
			isa = XCSwiftPackageProductDependency;
			package = F57426B026124A1600CA0CA0 /* XCRemoteSwiftPackageReference "CodeScanner" */;
			productName = CodeScanner;
		};
/* End XCSwiftPackageProductDependency section */

/* Begin XCVersionGroup section */
		F5EEC2D1260FB9BA0090C486 /* HotProspects_swift.xcdatamodeld */ = {
			isa = XCVersionGroup;
			children = (
				F5EEC2D2260FB9BA0090C486 /* HotProspects_swift.xcdatamodel */,
			);
			currentVersion = F5EEC2D2260FB9BA0090C486 /* HotProspects_swift.xcdatamodel */;
			path = HotProspects_swift.xcdatamodeld;
			sourceTree = "<group>";
			versionGroupType = wrapper.xcdatamodel;
		};
/* End XCVersionGroup section */
	};
	rootObject = F5EEC2BB260FB9B60090C486 /* Project object */;
}
